
Microsoft Visual Studio Solution File, Format Version 12.00
# Visual Studio Version 17
VisualStudioVersion = 17.13.35828.75 d17.13
MinimumVisualStudioVersion = 10.0.40219.1
Project("{FAE04EC0-301F-11D3-BF4B-00C04F79EFBC}") = "Laboratorio1_C06420", "Laboratorio1_C06420.csproj", "{4A5F780B-4A0F-CF2B-4E04-35706E2B4956}"
EndProject
Global
	GlobalSection(SolutionConfigurationPlatforms) = preSolution
		Debug|Any CPU = Debug|Any CPU
		Release|Any CPU = Release|Any CPU
	EndGlobalSection
	GlobalSection(ProjectConfigurationPlatforms) = postSolution
		{4A5F780B-4A0F-CF2B-4E04-35706E2B4956}.Debug|Any CPU.ActiveCfg = Debug|Any CPU
		{4A5F780B-4A0F-CF2B-4E04-35706E2B4956}.Debug|Any CPU.Build.0 = Debug|Any CPU
		{4A5F780B-4A0F-CF2B-4E04-35706E2B4956}.Release|Any CPU.ActiveCfg = Release|Any CPU
		{4A5F780B-4A0F-CF2B-4E04-35706E2B4956}.Release|Any CPU.Build.0 = Release|Any CPU
	EndGlobalSection
	GlobalSection(SolutionProperties) = preSolution
		HideSolutionNode = FALSE
	EndGlobalSection
	GlobalSection(ExtensibilityGlobals) = postSolution
		SolutionGuid = {762FD440-E210-4885-997B-979003D62D0C}
	EndGlobalSection
EndGlobal
